// !$*UTF8*$!
{
	archiveVersion = 1;
	classes = {
	};
	objectVersion = 46;
	objects = {

/* Begin PBXBuildFile section */
		615864D117393A87001050ED /* UIKit.framework in Frameworks */ = {isa = PBXBuildFile; fileRef = 615864D017393A87001050ED /* UIKit.framework */; };
		615864D317393A87001050ED /* Foundation.framework in Frameworks */ = {isa = PBXBuildFile; fileRef = 615864D217393A87001050ED /* Foundation.framework */; };
		615864D517393A87001050ED /* CoreGraphics.framework in Frameworks */ = {isa = PBXBuildFile; fileRef = 615864D417393A87001050ED /* CoreGraphics.framework */; };
		615864DB17393A87001050ED /* InfoPlist.strings in Resources */ = {isa = PBXBuildFile; fileRef = 615864D917393A87001050ED /* InfoPlist.strings */; };
		615864DD17393A87001050ED /* main.m in Sources */ = {isa = PBXBuildFile; fileRef = 615864DC17393A87001050ED /* main.m */; };
		615864E117393A87001050ED /* AppDelegate.m in Sources */ = {isa = PBXBuildFile; fileRef = 615864E017393A87001050ED /* AppDelegate.m */; };
		615864E317393A87001050ED /* Default.png in Resources */ = {isa = PBXBuildFile; fileRef = 615864E217393A87001050ED /* Default.png */; };
		615864E517393A87001050ED /* Default@2x.png in Resources */ = {isa = PBXBuildFile; fileRef = 615864E417393A87001050ED /* Default@2x.png */; };
		615864E717393A87001050ED /* Default-568h@2x.png in Resources */ = {isa = PBXBuildFile; fileRef = 615864E617393A87001050ED /* Default-568h@2x.png */; };
		615864EA17393A87001050ED /* MainStoryboard.storyboard in Resources */ = {isa = PBXBuildFile; fileRef = 615864E817393A87001050ED /* MainStoryboard.storyboard */; };
		615864ED17393A87001050ED /* ViewController.m in Sources */ = {isa = PBXBuildFile; fileRef = 615864EC17393A87001050ED /* ViewController.m */; };
		615864F4173940F9001050ED /* CoreMotion.framework in Frameworks */ = {isa = PBXBuildFile; fileRef = 615864F3173940F9001050ED /* CoreMotion.framework */; };
/* End PBXBuildFile section */

/* Begin PBXFileReference section */
		615864CD17393A87001050ED /* gyro_ruler.app */ = {isa = PBXFileReference; explicitFileType = wrapper.application; includeInIndex = 0; path = gyro_ruler.app; sourceTree = BUILT_PRODUCTS_DIR; };
		615864D017393A87001050ED /* UIKit.framework */ = {isa = PBXFileReference; lastKnownFileType = wrapper.framework; name = UIKit.framework; path = System/Library/Frameworks/UIKit.framework; sourceTree = SDKROOT; };
		615864D217393A87001050ED /* Foundation.framework */ = {isa = PBXFileReference; lastKnownFileType = wrapper.framework; name = Foundation.framework; path = System/Library/Frameworks/Foundation.framework; sourceTree = SDKROOT; };
		615864D417393A87001050ED /* CoreGraphics.framework */ = {isa = PBXFileReference; lastKnownFileType = wrapper.framework; name = CoreGraphics.framework; path = System/Library/Frameworks/CoreGraphics.framework; sourceTree = SDKROOT; };
		615864D817393A87001050ED /* gyro_ruler-Info.plist */ = {isa = PBXFileReference; lastKnownFileType = text.plist.xml; path = "gyro_ruler-Info.plist"; sourceTree = "<group>"; };
		615864DA17393A87001050ED /* en */ = {isa = PBXFileReference; lastKnownFileType = text.plist.strings; name = en; path = en.lproj/InfoPlist.strings; sourceTree = "<group>"; };
		615864DC17393A87001050ED /* main.m */ = {isa = PBXFileReference; lastKnownFileType = sourcecode.c.objc; path = main.m; sourceTree = "<group>"; };
		615864DE17393A87001050ED /* gyro_ruler-Prefix.pch */ = {isa = PBXFileReference; lastKnownFileType = sourcecode.c.h; path = "gyro_ruler-Prefix.pch"; sourceTree = "<group>"; };
		615864DF17393A87001050ED /* AppDelegate.h */ = {isa = PBXFileReference; lastKnownFileType = sourcecode.c.h; path = AppDelegate.h; sourceTree = "<group>"; };
		615864E017393A87001050ED /* AppDelegate.m */ = {isa = PBXFileReference; lastKnownFileType = sourcecode.c.objc; path = AppDelegate.m; sourceTree = "<group>"; };
		615864E217393A87001050ED /* Default.png */ = {isa = PBXFileReference; lastKnownFileType = image.png; path = Default.png; sourceTree = "<group>"; };
		615864E417393A87001050ED /* Default@2x.png */ = {isa = PBXFileReference; lastKnownFileType = image.png; path = "Default@2x.png"; sourceTree = "<group>"; };
		615864E617393A87001050ED /* Default-568h@2x.png */ = {isa = PBXFileReference; lastKnownFileType = image.png; path = "Default-568h@2x.png"; sourceTree = "<group>"; };
		615864E917393A87001050ED /* en */ = {isa = PBXFileReference; lastKnownFileType = file.storyboard; name = en; path = en.lproj/MainStoryboard.storyboard; sourceTree = "<group>"; };
		615864EB17393A87001050ED /* ViewController.h */ = {isa = PBXFileReference; lastKnownFileType = sourcecode.c.h; path = ViewController.h; sourceTree = "<group>"; };
		615864EC17393A87001050ED /* ViewController.m */ = {isa = PBXFileReference; lastKnownFileType = sourcecode.c.objc; path = ViewController.m; sourceTree = "<group>"; };
		615864F3173940F9001050ED /* CoreMotion.framework */ = {isa = PBXFileReference; lastKnownFileType = wrapper.framework; name = CoreMotion.framework; path = System/Library/Frameworks/CoreMotion.framework; sourceTree = SDKROOT; };
/* End PBXFileReference section */

/* Begin PBXFrameworksBuildPhase section */
		615864CA17393A87001050ED /* Frameworks */ = {
			isa = PBXFrameworksBuildPhase;
			buildActionMask = 2147483647;
			files = (
				615864F4173940F9001050ED /* CoreMotion.framework in Frameworks */,
				615864D117393A87001050ED /* UIKit.framework in Frameworks */,
				615864D317393A87001050ED /* Foundation.framework in Frameworks */,
				615864D517393A87001050ED /* CoreGraphics.framework in Frameworks */,
			);
			runOnlyForDeploymentPostprocessing = 0;
		};
/* End PBXFrameworksBuildPhase section */

/* Begin PBXGroup section */
		615864C417393A87001050ED = {
			isa = PBXGroup;
			children = (
				615864F3173940F9001050ED /* CoreMotion.framework */,
				615864D617393A87001050ED /* gyro_ruler */,
				615864CF17393A87001050ED /* Frameworks */,
				615864CE17393A87001050ED /* Products */,
			);
			sourceTree = "<group>";
		};
		615864CE17393A87001050ED /* Products */ = {
			isa = PBXGroup;
			children = (
				615864CD17393A87001050ED /* gyro_ruler.app */,
			);
			name = Products;
			sourceTree = "<group>";
		};
		615864CF17393A87001050ED /* Frameworks */ = {
			isa = PBXGroup;
			children = (
				615864D017393A87001050ED /* UIKit.framework */,
				615864D217393A87001050ED /* Foundation.framework */,
				615864D417393A87001050ED /* CoreGraphics.framework */,
			);
			name = Frameworks;
			sourceTree = "<group>";
		};
		615864D617393A87001050ED /* gyro_ruler */ = {
			isa = PBXGroup;
			children = (
				615864DF17393A87001050ED /* AppDelegate.h */,
				615864E017393A87001050ED /* AppDelegate.m */,
				615864E817393A87001050ED /* MainStoryboard.storyboard */,
				615864EB17393A87001050ED /* ViewController.h */,
				615864EC17393A87001050ED /* ViewController.m */,
				615864D717393A87001050ED /* Supporting Files */,
			);
			path = gyro_ruler;
			sourceTree = "<group>";
		};
		615864D717393A87001050ED /* Supporting Files */ = {
			isa = PBXGroup;
			children = (
				615864D817393A87001050ED /* gyro_ruler-Info.plist */,
				615864D917393A87001050ED /* InfoPlist.strings */,
				615864DC17393A87001050ED /* main.m */,
				615864DE17393A87001050ED /* gyro_ruler-Prefix.pch */,
				615864E217393A87001050ED /* Default.png */,
				615864E417393A87001050ED /* Default@2x.png */,
				615864E617393A87001050ED /* Default-568h@2x.png */,
			);
			name = "Supporting Files";
			sourceTree = "<group>";
		};
/* End PBXGroup section */

/* Begin PBXNativeTarget section */
		615864CC17393A87001050ED /* gyro_ruler */ = {
			isa = PBXNativeTarget;
			buildConfigurationList = 615864F017393A87001050ED /* Build configuration list for PBXNativeTarget "gyro_ruler" */;
			buildPhases = (
				615864C917393A87001050ED /* Sources */,
				615864CA17393A87001050ED /* Frameworks */,
				615864CB17393A87001050ED /* Resources */,
			);
			buildRules = (
			);
			dependencies = (
			);
			name = gyro_ruler;
			productName = gyro_ruler;
			productReference = 615864CD17393A87001050ED /* gyro_ruler.app */;
			productType = "com.apple.product-type.application";
		};
/* End PBXNativeTarget section */

/* Begin PBXProject section */
		615864C517393A87001050ED /* Project object */ = {
			isa = PBXProject;
			attributes = {
				LastUpgradeCheck = 0460;
				ORGANIZATIONNAME = "Matsumoto Taichi";
			};
			buildConfigurationList = 615864C817393A87001050ED /* Build configuration list for PBXProject "gyro_ruler" */;
			compatibilityVersion = "Xcode 3.2";
			developmentRegion = English;
			hasScannedForEncodings = 0;
			knownRegions = (
				en,
			);
			mainGroup = 615864C417393A87001050ED;
			productRefGroup = 615864CE17393A87001050ED /* Products */;
			projectDirPath = "";
			projectRoot = "";
			targets = (
				615864CC17393A87001050ED /* gyro_ruler */,
			);
		};
/* End PBXProject section */

/* Begin PBXResourcesBuildPhase section */
		615864CB17393A87001050ED /* Resources */ = {
			isa = PBXResourcesBuildPhase;
			buildActionMask = 2147483647;
			files = (
				615864DB17393A87001050ED /* InfoPlist.strings in Resources */,
				615864E317393A87001050ED /* Default.png in Resources */,
				615864E517393A87001050ED /* Default@2x.png in Resources */,
				615864E717393A87001050ED /* Default-568h@2x.png in Resources */,
				615864EA17393A87001050ED /* MainStoryboard.storyboard in Resources */,
			);
			runOnlyForDeploymentPostprocessing = 0;
		};
/* End PBXResourcesBuildPhase section */

/* Begin PBXSourcesBuildPhase section */
		615864C917393A87001050ED /* Sources */ = {
			isa = PBXSourcesBuildPhase;
			buildActionMask = 2147483647;
			files = (
				615864DD17393A87001050ED /* main.m in Sources */,
				615864E117393A87001050ED /* AppDelegate.m in Sources */,
				615864ED17393A87001050ED /* ViewController.m in Sources */,
			);
			runOnlyForDeploymentPostprocessing = 0;
		};
/* End PBXSourcesBuildPhase section */

/* Begin PBXVariantGroup section */
		615864D917393A87001050ED /* InfoPlist.strings */ = {
			isa = PBXVariantGroup;
			children = (
				615864DA17393A87001050ED /* en */,
			);
			name = InfoPlist.strings;
			sourceTree = "<group>";
		};
		615864E817393A87001050ED /* MainStoryboard.storyboard */ = {
			isa = PBXVariantGroup;
			children = (
				615864E917393A87001050ED /* en */,
			);
			name = MainStoryboard.storyboard;
			sourceTree = "<group>";
		};
/* End PBXVariantGroup section */

/* Begin XCBuildConfiguration section */
		615864EE17393A87001050ED /* Debug */ = {
			isa = XCBuildConfiguration;
			buildSettings = {
				ALWAYS_SEARCH_USER_PATHS = NO;
				CLANG_CXX_LANGUAGE_STANDARD = "gnu++0x";
				CLANG_CXX_LIBRARY = "libc++";
				CLANG_WARN_CONSTANT_CONVERSION = YES;
				CLANG_WARN_EMPTY_BODY = YES;
				CLANG_WARN_ENUM_CONVERSION = YES;
				CLANG_WARN_INT_CONVERSION = YES;
				CLANG_WARN__DUPLICATE_METHOD_MATCH = YES;
				"CODE_SIGN_IDENTITY[sdk=iphoneos*]" = "iPhone Developer";
				COPY_PHASE_STRIP = NO;
				GCC_C_LANGUAGE_STANDARD = gnu99;
				GCC_DYNAMIC_NO_PIC = NO;
				GCC_OPTIMIZATION_LEVEL = 0;
				GCC_PREPROCESSOR_DEFINITIONS = (
					"DEBUG=1",
					"$(inherited)",
				);
				GCC_SYMBOLS_PRIVATE_EXTERN = NO;
				GCC_WARN_ABOUT_RETURN_TYPE = YES;
				GCC_WARN_UNINITIALIZED_AUTOS = YES;
				GCC_WARN_UNUSED_VARIABLE = YES;
				IPHONEOS_DEPLOYMENT_TARGET = 6.1;
				ONLY_ACTIVE_ARCH = YES;
				SDKROOT = iphoneos;
			};
			name = Debug;
		};
		615864EF17393A87001050ED /* Release */ = {
			isa = XCBuildConfiguration;
			buildSettings = {
				ALWAYS_SEARCH_USER_PATHS = NO;
				CLANG_CXX_LANGUAGE_STANDARD = "gnu++0x";
				CLANG_CXX_LIBRARY = "libc++";
				CLANG_WARN_CONSTANT_CONVERSION = YES;
				CLANG_WARN_EMPTY_BODY = YES;
				CLANG_WARN_ENUM_CONVERSION = YES;
				CLANG_WARN_INT_CONVERSION = YES;
				CLANG_WARN__DUPLICATE_METHOD_MATCH = YES;
				"CODE_SIGN_IDENTITY[sdk=iphoneos*]" = "iPhone Developer";
				COPY_PHASE_STRIP = YES;
				GCC_C_LANGUAGE_STANDARD = gnu99;
				GCC_WARN_ABOUT_RETURN_TYPE = YES;
				GCC_WARN_UNINITIALIZED_AUTOS = YES;
				GCC_WARN_UNUSED_VARIABLE = YES;
				IPHONEOS_DEPLOYMENT_TARGET = 6.1;
				OTHER_CFLAGS = "-DNS_BLOCK_ASSERTIONS=1";
				SDKROOT = iphoneos;
				VALIDATE_PRODUCT = YES;
			};
			name = Release;
		};
		615864F117393A87001050ED /* Debug */ = {
			isa = XCBuildConfiguration;
			buildSettings = {
				GCC_PRECOMPILE_PREFIX_HEADER = YES;
				GCC_PREFIX_HEADER = "gyro_ruler/gyro_ruler-Prefix.pch";
				INFOPLIST_FILE = "gyro_ruler/gyro_ruler-Info.plist";
				PRODUCT_NAME = "$(TARGET_NAME)";
				WRAPPER_EXTENSION = app;
			};
			name = Debug;
		};
		615864F217393A87001050ED /* Release */ = {
			isa = XCBuildConfiguration;
			buildSettings = {
				GCC_PRECOMPILE_PREFIX_HEADER = YES;
				GCC_PREFIX_HEADER = "gyro_ruler/gyro_ruler-Prefix.pch";
				INFOPLIST_FILE = "gyro_ruler/gyro_ruler-Info.plist";
				PRODUCT_NAME = "$(TARGET_NAME)";
				WRAPPER_EXTENSION = app;
			};
			name = Release;
		};
/* End XCBuildConfiguration section */

/* Begin XCConfigurationList section */
		615864C817393A87001050ED /* Build configuration list for PBXProject "gyro_ruler" */ = {
			isa = XCConfigurationList;
			buildConfigurations = (
				615864EE17393A87001050ED /* Debug */,
				615864EF17393A87001050ED /* Release */,
			);
			defaultConfigurationIsVisible = 0;
			defaultConfigurationName = Release;
		};
		615864F017393A87001050ED /* Build configuration list for PBXNativeTarget "gyro_ruler" */ = {
			isa = XCConfigurationList;
			buildConfigurations = (
				615864F117393A87001050ED /* Debug */,
				615864F217393A87001050ED /* Release */,
			);
			defaultConfigurationIsVisible = 0;
		};
/* End XCConfigurationList section */
	};
	rootObject = 615864C517393A87001050ED /* Project object */;
}
